dependencies:
- name: klicktipp-common
  repository: file://../klicktipp-common
  version: 1.0.1
- name: rabbitmq-topology
  repository: file://../rabbitmq-topology
  version: 1.0.3
digest: sha256:849a55926e453408343431343780509b7339c14abb631c1df92cb467c79a85a9
generated: "2026-03-16T13:08:55.832045+01:00"
