dependencies:
- name: klicktipp-common
  repository: https://klicktipp.github.io/helm-charts
  version: 1.0.1
- name: rabbitmq-topology
  repository: https://klicktipp.github.io/helm-charts
  version: 1.0.2
digest: sha256:41ee7a9c7710dd63cf43353dbe74180a6fbfaa4960745c6312df59cdabdd5e23
generated: "2026-03-13T13:31:29.287666+01:00"
