dependencies:
- name: klicktipp-common
  repository: file://../klicktipp-common
  version: 1.0.0
- name: rabbitmq-topology
  repository: file://../rabbitmq-topology
  version: 0.1.0
digest: sha256:2f0984865cce438ffac24cf38db9203dc40c5468edeb16c62578ed939f5a7e20
generated: "2026-02-12T14:03:25.876393+01:00"
